
Microsoft Visual Studio Solution File, Format Version 12.00
# Visual Studio 15
VisualStudioVersion = 15.0.27130.2024
MinimumVisualStudioVersion = 10.0.40219.1
Project("{FAE04EC0-301F-11D3-BF4B-00C04F79EFBC}") = "TrackMe", "TrackMe\TrackMe.csproj", "{68439162-CE7B-4760-AC46-289E93041A25}"
EndProject
Global
	GlobalSection(SolutionConfigurationPlatforms) = preSolution
		Debug|Any CPU = Debug|Any CPU
		Release|Any CPU = Release|Any CPU
	EndGlobalSection
	GlobalSection(ProjectConfigurationPlatforms) = postSolution
		{68439162-CE7B-4760-AC46-289E93041A25}.Debug|Any CPU.ActiveCfg = Debug|Any CPU
		{68439162-CE7B-4760-AC46-289E93041A25}.Debug|Any CPU.Build.0 = Debug|Any CPU
		{68439162-CE7B-4760-AC46-289E93041A25}.Debug|Any CPU.Deploy.0 = Debug|Any CPU
		{68439162-CE7B-4760-AC46-289E93041A25}.Release|Any CPU.ActiveCfg = Release|Any CPU
		{68439162-CE7B-4760-AC46-289E93041A25}.Release|Any CPU.Build.0 = Release|Any CPU
		{68439162-CE7B-4760-AC46-289E93041A25}.Release|Any CPU.Deploy.0 = Release|Any CPU
	EndGlobalSection
	GlobalSection(SolutionProperties) = preSolution
		HideSolutionNode = FALSE
	EndGlobalSection
	GlobalSection(ExtensibilityGlobals) = postSolution
		SolutionGuid = {00C98453-679D-4022-A0CE-C9AD8611FA5E}
	EndGlobalSection
EndGlobal
